// !$*UTF8*$!
{
	archiveVersion = 1;
	classes = {
	};
	objectVersion = 50;
	objects = {

/* Begin PBXBuildFile section */
		038148DB23DE47FC00748464 /* AppDelegate.swift in Sources */ = {isa = PBXBuildFile; fileRef = 038148DA23DE47FC00748464 /* AppDelegate.swift */; };
		038148DD23DE47FC00748464 /* SceneDelegate.swift in Sources */ = {isa = PBXBuildFile; fileRef = 038148DC23DE47FC00748464 /* SceneDelegate.swift */; };
		038148DF23DE47FC00748464 /* ViewController.swift in Sources */ = {isa = PBXBuildFile; fileRef = 038148DE23DE47FC00748464 /* ViewController.swift */; };
		038148E223DE47FC00748464 /* Main.storyboard in Resources */ = {isa = PBXBuildFile; fileRef = 038148E023DE47FC00748464 /* Main.storyboard */; };
		038148E423DE47FD00748464 /* Assets.xcassets in Resources */ = {isa = PBXBuildFile; fileRef = 038148E323DE47FD00748464 /* Assets.xcassets */; };
		038148E723DE47FD00748464 /* LaunchScreen.storyboard in Resources */ = {isa = PBXBuildFile; fileRef = 038148E523DE47FD00748464 /* LaunchScreen.storyboard */; };
		038148F223DE47FD00748464 /* homework63Tests.swift in Sources */ = {isa = PBXBuildFile; fileRef = 038148F123DE47FD00748464 /* homework63Tests.swift */; };
		038148FD23DE47FE00748464 /* homework63UITests.swift in Sources */ = {isa = PBXBuildFile; fileRef = 038148FC23DE47FE00748464 /* homework63UITests.swift */; };
/* End PBXBuildFile section */

/* Begin PBXContainerItemProxy section */
		038148EE23DE47FD00748464 /* PBXContainerItemProxy */ = {
			isa = PBXContainerItemProxy;
			containerPortal = 038148CF23DE47FC00748464 /* Project object */;
			proxyType = 1;
			remoteGlobalIDString = 038148D623DE47FC00748464;
			remoteInfo = homework63;
		};
		038148F923DE47FE00748464 /* PBXContainerItemProxy */ = {
			isa = PBXContainerItemProxy;
			containerPortal = 038148CF23DE47FC00748464 /* Project object */;
			proxyType = 1;
			remoteGlobalIDString = 038148D623DE47FC00748464;
			remoteInfo = homework63;
		};
/* End PBXContainerItemProxy section */

/* Begin PBXFileReference section */
		038148D723DE47FC00748464 /* homework63.app */ = {isa = PBXFileReference; explicitFileType = wrapper.application; includeInIndex = 0; path = homework63.app; sourceTree = BUILT_PRODUCTS_DIR; };
		038148DA23DE47FC00748464 /* AppDelegate.swift */ = {isa = PBXFileReference; lastKnownFileType = sourcecode.swift; path = AppDelegate.swift; sourceTree = "<group>"; };
		038148DC23DE47FC00748464 /* SceneDelegate.swift */ = {isa = PBXFileReference; lastKnownFileType = sourcecode.swift; path = SceneDelegate.swift; sourceTree = "<group>"; };
		038148DE23DE47FC00748464 /* ViewController.swift */ = {isa = PBXFileReference; lastKnownFileType = sourcecode.swift; path = ViewController.swift; sourceTree = "<group>"; };
		038148E123DE47FC00748464 /* Base */ = {isa = PBXFileReference; lastKnownFileType = file.storyboard; name = Base; path = Base.lproj/Main.storyboard; sourceTree = "<group>"; };
		038148E323DE47FD00748464 /* Assets.xcassets */ = {isa = PBXFileReference; lastKnownFileType = folder.assetcatalog; path = Assets.xcassets; sourceTree = "<group>"; };
		038148E623DE47FD00748464 /* Base */ = {isa = PBXFileReference; lastKnownFileType = file.storyboard; name = Base; path = Base.lproj/LaunchScreen.storyboard; sourceTree = "<group>"; };
		038148E823DE47FD00748464 /* Info.plist */ = {isa = PBXFileReference; lastKnownFileType = text.plist.xml; path = Info.plist; sourceTree = "<group>"; };
		038148ED23DE47FD00748464 /* homework63Tests.xctest */ = {isa = PBXFileReference; explicitFileType = wrapper.cfbundle; includeInIndex = 0; path = homework63Tests.xctest; sourceTree = BUILT_PRODUCTS_DIR; };
		038148F123DE47FD00748464 /* homework63Tests.swift */ = {isa = PBXFileReference; lastKnownFileType = sourcecode.swift; path = homework63Tests.swift; sourceTree = "<group>"; };
		038148F323DE47FD00748464 /* Info.plist */ = {isa = PBXFileReference; lastKnownFileType = text.plist.xml; path = Info.plist; sourceTree = "<group>"; };
		038148F823DE47FE00748464 /* homework63UITests.xctest */ = {isa = PBXFileReference; explicitFileType = wrapper.cfbundle; includeInIndex = 0; path = homework63UITests.xctest; sourceTree = BUILT_PRODUCTS_DIR; };
		038148FC23DE47FE00748464 /* homework63UITests.swift */ = {isa = PBXFileReference; lastKnownFileType = sourcecode.swift; path = homework63UITests.swift; sourceTree = "<group>"; };
		038148FE23DE47FE00748464 /* Info.plist */ = {isa = PBXFileReference; lastKnownFileType = text.plist.xml; path = Info.plist; sourceTree = "<group>"; };
/* End PBXFileReference section */

/* Begin PBXFrameworksBuildPhase section */
		038148D423DE47FC00748464 /* Frameworks */ = {
			isa = PBXFrameworksBuildPhase;
			buildActionMask = 2147483647;
			files = (
			);
			runOnlyForDeploymentPostprocessing = 0;
		};
		038148EA23DE47FD00748464 /* Frameworks */ = {
			isa = PBXFrameworksBuildPhase;
			buildActionMask = 2147483647;
			files = (
			);
			runOnlyForDeploymentPostprocessing = 0;
		};
		038148F523DE47FE00748464 /* Frameworks */ = {
			isa = PBXFrameworksBuildPhase;
			buildActionMask = 2147483647;
			files = (
			);
			runOnlyForDeploymentPostprocessing = 0;
		};
/* End PBXFrameworksBuildPhase section */

/* Begin PBXGroup section */
		038148CE23DE47FC00748464 = {
			isa = PBXGroup;
			children = (
				038148D923DE47FC00748464 /* homework63 */,
				038148F023DE47FD00748464 /* homework63Tests */,
				038148FB23DE47FE00748464 /* homework63UITests */,
				038148D823DE47FC00748464 /* Products */,
			);
			sourceTree = "<group>";
		};
		038148D823DE47FC00748464 /* Products */ = {
			isa = PBXGroup;
			children = (
				038148D723DE47FC00748464 /* homework63.app */,
				038148ED23DE47FD00748464 /* homework63Tests.xctest */,
				038148F823DE47FE00748464 /* homework63UITests.xctest */,
			);
			name = Products;
			sourceTree = "<group>";
		};
		038148D923DE47FC00748464 /* homework63 */ = {
			isa = PBXGroup;
			children = (
				038148DA23DE47FC00748464 /* AppDelegate.swift */,
				038148DC23DE47FC00748464 /* SceneDelegate.swift */,
				038148DE23DE47FC00748464 /* ViewController.swift */,
				038148E023DE47FC00748464 /* Main.storyboard */,
				038148E323DE47FD00748464 /* Assets.xcassets */,
				038148E523DE47FD00748464 /* LaunchScreen.storyboard */,
				038148E823DE47FD00748464 /* Info.plist */,
			);
			path = homework63;
			sourceTree = "<group>";
		};
		038148F023DE47FD00748464 /* homework63Tests */ = {
			isa = PBXGroup;
			children = (
				038148F123DE47FD00748464 /* homework63Tests.swift */,
				038148F323DE47FD00748464 /* Info.plist */,
			);
			path = homework63Tests;
			sourceTree = "<group>";
		};
		038148FB23DE47FE00748464 /* homework63UITests */ = {
			isa = PBXGroup;
			children = (
				038148FC23DE47FE00748464 /* homework63UITests.swift */,
				038148FE23DE47FE00748464 /* Info.plist */,
			);
			path = homework63UITests;
			sourceTree = "<group>";
		};
/* End PBXGroup section */

/* Begin PBXNativeTarget section */
		038148D623DE47FC00748464 /* homework63 */ = {
			isa = PBXNativeTarget;
			buildConfigurationList = 0381490123DE47FE00748464 /* Build configuration list for PBXNativeTarget "homework63" */;
			buildPhases = (
				038148D323DE47FC00748464 /* Sources */,
				038148D423DE47FC00748464 /* Frameworks */,
				038148D523DE47FC00748464 /* Resources */,
			);
			buildRules = (
			);
			dependencies = (
			);
			name = homework63;
			productName = homework63;
			productReference = 038148D723DE47FC00748464 /* homework63.app */;
			productType = "com.apple.product-type.application";
		};
		038148EC23DE47FD00748464 /* homework63Tests */ = {
			isa = PBXNativeTarget;
			buildConfigurationList = 0381490423DE47FE00748464 /* Build configuration list for PBXNativeTarget "homework63Tests" */;
			buildPhases = (
				038148E923DE47FD00748464 /* Sources */,
				038148EA23DE47FD00748464 /* Frameworks */,
				038148EB23DE47FD00748464 /* Resources */,
			);
			buildRules = (
			);
			dependencies = (
				038148EF23DE47FD00748464 /* PBXTargetDependency */,
			);
			name = homework63Tests;
			productName = homework63Tests;
			productReference = 038148ED23DE47FD00748464 /* homework63Tests.xctest */;
			productType = "com.apple.product-type.bundle.unit-test";
		};
		038148F723DE47FE00748464 /* homework63UITests */ = {
			isa = PBXNativeTarget;
			buildConfigurationList = 0381490723DE47FE00748464 /* Build configuration list for PBXNativeTarget "homework63UITests" */;
			buildPhases = (
				038148F423DE47FE00748464 /* Sources */,
				038148F523DE47FE00748464 /* Frameworks */,
				038148F623DE47FE00748464 /* Resources */,
			);
			buildRules = (
			);
			dependencies = (
				038148FA23DE47FE00748464 /* PBXTargetDependency */,
			);
			name = homework63UITests;
			productName = homework63UITests;
			productReference = 038148F823DE47FE00748464 /* homework63UITests.xctest */;
			productType = "com.apple.product-type.bundle.ui-testing";
		};
/* End PBXNativeTarget section */

/* Begin PBXProject section */
		038148CF23DE47FC00748464 /* Project object */ = {
			isa = PBXProject;
			attributes = {
				LastSwiftUpdateCheck = 1130;
				LastUpgradeCheck = 1130;
				ORGANIZATIONNAME = "Азамат Агатаев";
				TargetAttributes = {
					038148D623DE47FC00748464 = {
						CreatedOnToolsVersion = 11.3.1;
					};
					038148EC23DE47FD00748464 = {
						CreatedOnToolsVersion = 11.3.1;
						TestTargetID = 038148D623DE47FC00748464;
					};
					038148F723DE47FE00748464 = {
						CreatedOnToolsVersion = 11.3.1;
						TestTargetID = 038148D623DE47FC00748464;
					};
				};
			};
			buildConfigurationList = 038148D223DE47FC00748464 /* Build configuration list for PBXProject "homework63" */;
			compatibilityVersion = "Xcode 9.3";
			developmentRegion = en;
			hasScannedForEncodings = 0;
			knownRegions = (
				en,
				Base,
			);
			mainGroup = 038148CE23DE47FC00748464;
			productRefGroup = 038148D823DE47FC00748464 /* Products */;
			projectDirPath = "";
			projectRoot = "";
			targets = (
				038148D623DE47FC00748464 /* homework63 */,
				038148EC23DE47FD00748464 /* homework63Tests */,
				038148F723DE47FE00748464 /* homework63UITests */,
			);
		};
/* End PBXProject section */

/* Begin PBXResourcesBuildPhase section */
		038148D523DE47FC00748464 /* Resources */ = {
			isa = PBXResourcesBuildPhase;
			buildActionMask = 2147483647;
			files = (
				038148E723DE47FD00748464 /* LaunchScreen.storyboard in Resources */,
				038148E423DE47FD00748464 /* Assets.xcassets in Resources */,
				038148E223DE47FC00748464 /* Main.storyboard in Resources */,
			);
			runOnlyForDeploymentPostprocessing = 0;
		};
		038148EB23DE47FD00748464 /* Resources */ = {
			isa = PBXResourcesBuildPhase;
			buildActionMask = 2147483647;
			files = (
			);
			runOnlyForDeploymentPostprocessing = 0;
		};
		038148F623DE47FE00748464 /* Resources */ = {
			isa = PBXResourcesBuildPhase;
			buildActionMask = 2147483647;
			files = (
			);
			runOnlyForDeploymentPostprocessing = 0;
		};
/* End PBXResourcesBuildPhase section */

/* Begin PBXSourcesBuildPhase section */
		038148D323DE47FC00748464 /* Sources */ = {
			isa = PBXSourcesBuildPhase;
			buildActionMask = 2147483647;
			files = (
				038148DF23DE47FC00748464 /* ViewController.swift in Sources */,
				038148DB23DE47FC00748464 /* AppDelegate.swift in Sources */,
				038148DD23DE47FC00748464 /* SceneDelegate.swift in Sources */,
			);
			runOnlyForDeploymentPostprocessing = 0;
		};
		038148E923DE47FD00748464 /* Sources */ = {
			isa = PBXSourcesBuildPhase;
			buildActionMask = 2147483647;
			files = (
				038148F223DE47FD00748464 /* homework63Tests.swift in Sources */,
			);
			runOnlyForDeploymentPostprocessing = 0;
		};
		038148F423DE47FE00748464 /* Sources */ = {
			isa = PBXSourcesBuildPhase;
			buildActionMask = 2147483647;
			files = (
				038148FD23DE47FE00748464 /* homework63UITests.swift in Sources */,
			);
			runOnlyForDeploymentPostprocessing = 0;
		};
/* End PBXSourcesBuildPhase section */

/* Begin PBXTargetDependency section */
		038148EF23DE47FD00748464 /* PBXTargetDependency */ = {
			isa = PBXTargetDependency;
			target = 038148D623DE47FC00748464 /* homework63 */;
			targetProxy = 038148EE23DE47FD00748464 /* PBXContainerItemProxy */;
		};
		038148FA23DE47FE00748464 /* PBXTargetDependency */ = {
			isa = PBXTargetDependency;
			target = 038148D623DE47FC00748464 /* homework63 */;
			targetProxy = 038148F923DE47FE00748464 /* PBXContainerItemProxy */;
		};
/* End PBXTargetDependency section */

/* Begin PBXVariantGroup section */
		038148E023DE47FC00748464 /* Main.storyboard */ = {
			isa = PBXVariantGroup;
			children = (
				038148E123DE47FC00748464 /* Base */,
			);
			name = Main.storyboard;
			sourceTree = "<group>";
		};
		038148E523DE47FD00748464 /* LaunchScreen.storyboard */ = {
			isa = PBXVariantGroup;
			children = (
				038148E623DE47FD00748464 /* Base */,
			);
			name = LaunchScreen.storyboard;
			sourceTree = "<group>";
		};
/* End PBXVariantGroup section */

/* Begin XCBuildConfiguration section */
		038148FF23DE47FE00748464 /* Debug */ = {
			isa = XCBuildConfiguration;
			buildSettings = {
				ALWAYS_SEARCH_USER_PATHS = NO;
				CLANG_ANALYZER_NONNULL = YES;
				CLANG_ANALYZER_NUMBER_OBJECT_CONVERSION = YES_AGGRESSIVE;
				CLANG_CXX_LANGUAGE_STANDARD = "gnu++14";
				CLANG_CXX_LIBRARY = "libc++";
				CLANG_ENABLE_MODULES = YES;
				CLANG_ENABLE_OBJC_ARC = YES;
				CLANG_ENABLE_OBJC_WEAK = YES;
				CLANG_WARN_BLOCK_CAPTURE_AUTORELEASING = YES;
				CLANG_WARN_BOOL_CONVERSION = YES;
				CLANG_WARN_COMMA = YES;
				CLANG_WARN_CONSTANT_CONVERSION = YES;
				CLANG_WARN_DEPRECATED_OBJC_IMPLEMENTATIONS = YES;
				CLANG_WARN_DIRECT_OBJC_ISA_USAGE = YES_ERROR;
				CLANG_WARN_DOCUMENTATION_COMMENTS = YES;
				CLANG_WARN_EMPTY_BODY = YES;
				CLANG_WARN_ENUM_CONVERSION = YES;
				CLANG_WARN_INFINITE_RECURSION = YES;
				CLANG_WARN_INT_CONVERSION = YES;
				CLANG_WARN_NON_LITERAL_NULL_CONVERSION = YES;
				CLANG_WARN_OBJC_IMPLICIT_RETAIN_SELF = YES;
				CLANG_WARN_OBJC_LITERAL_CONVERSION = YES;
				CLANG_WARN_OBJC_ROOT_CLASS = YES_ERROR;
				CLANG_WARN_RANGE_LOOP_ANALYSIS = YES;
				CLANG_WARN_STRICT_PROTOTYPES = YES;
				CLANG_WARN_SUSPICIOUS_MOVE = YES;
				CLANG_WARN_UNGUARDED_AVAILABILITY = YES_AGGRESSIVE;
				CLANG_WARN_UNREACHABLE_CODE = YES;
				CLANG_WARN__DUPLICATE_METHOD_MATCH = YES;
				COPY_PHASE_STRIP = NO;
				DEBUG_INFORMATION_FORMAT = dwarf;
				ENABLE_STRICT_OBJC_MSGSEND = YES;
				ENABLE_TESTABILITY = YES;
				GCC_C_LANGUAGE_STANDARD = gnu11;
				GCC_DYNAMIC_NO_PIC = NO;
				GCC_NO_COMMON_BLOCKS = YES;
				GCC_OPTIMIZATION_LEVEL = 0;
				GCC_PREPROCESSOR_DEFINITIONS = (
					"DEBUG=1",
					"$(inherited)",
				);
				GCC_WARN_64_TO_32_BIT_CONVERSION = YES;
				GCC_WARN_ABOUT_RETURN_TYPE = YES_ERROR;
				GCC_WARN_UNDECLARED_SELECTOR = YES;
				GCC_WARN_UNINITIALIZED_AUTOS = YES_AGGRESSIVE;
				GCC_WARN_UNUSED_FUNCTION = YES;
				GCC_WARN_UNUSED_VARIABLE = YES;
				IPHONEOS_DEPLOYMENT_TARGET = 13.2;
				MTL_ENABLE_DEBUG_INFO = INCLUDE_SOURCE;
				MTL_FAST_MATH = YES;
				ONLY_ACTIVE_ARCH = YES;
				SDKROOT = iphoneos;
				SWIFT_ACTIVE_COMPILATION_CONDITIONS = DEBUG;
				SWIFT_OPTIMIZATION_LEVEL = "-Onone";
			};
			name = Debug;
		};
		0381490023DE47FE00748464 /* Release */ = {
			isa = XCBuildConfiguration;
			buildSettings = {
				ALWAYS_SEARCH_USER_PATHS = NO;
				CLANG_ANALYZER_NONNULL = YES;
				CLANG_ANALYZER_NUMBER_OBJECT_CONVERSION = YES_AGGRESSIVE;
				CLANG_CXX_LANGUAGE_STANDARD = "gnu++14";
				CLANG_CXX_LIBRARY = "libc++";
				CLANG_ENABLE_MODULES = YES;
				CLANG_ENABLE_OBJC_ARC = YES;
				CLANG_ENABLE_OBJC_WEAK = YES;
				CLANG_WARN_BLOCK_CAPTURE_AUTORELEASING = YES;
				CLANG_WARN_BOOL_CONVERSION = YES;
				CLANG_WARN_COMMA = YES;
				CLANG_WARN_CONSTANT_CONVERSION = YES;
				CLANG_WARN_DEPRECATED_OBJC_IMPLEMENTATIONS = YES;
				CLANG_WARN_DIRECT_OBJC_ISA_USAGE = YES_ERROR;
				CLANG_WARN_DOCUMENTATION_COMMENTS = YES;
				CLANG_WARN_EMPTY_BODY = YES;
				CLANG_WARN_ENUM_CONVERSION = YES;
				CLANG_WARN_INFINITE_RECURSION = YES;
				CLANG_WARN_INT_CONVERSION = YES;
				CLANG_WARN_NON_LITERAL_NULL_CONVERSION = YES;
				CLANG_WARN_OBJC_IMPLICIT_RETAIN_SELF = YES;
				CLANG_WARN_OBJC_LITERAL_CONVERSION = YES;
				CLANG_WARN_OBJC_ROOT_CLASS = YES_ERROR;
				CLANG_WARN_RANGE_LOOP_ANALYSIS = YES;
				CLANG_WARN_STRICT_PROTOTYPES = YES;
				CLANG_WARN_SUSPICIOUS_MOVE = YES;
				CLANG_WARN_UNGUARDED_AVAILABILITY = YES_AGGRESSIVE;
				CLANG_WARN_UNREACHABLE_CODE = YES;
				CLANG_WARN__DUPLICATE_METHOD_MATCH = YES;
				COPY_PHASE_STRIP = NO;
				DEBUG_INFORMATION_FORMAT = "dwarf-with-dsym";
				ENABLE_NS_ASSERTIONS = NO;
				ENABLE_STRICT_OBJC_MSGSEND = YES;
				GCC_C_LANGUAGE_STANDARD = gnu11;
				GCC_NO_COMMON_BLOCKS = YES;
				GCC_WARN_64_TO_32_BIT_CONVERSION = YES;
				GCC_WARN_ABOUT_RETURN_TYPE = YES_ERROR;
				GCC_WARN_UNDECLARED_SELECTOR = YES;
				GCC_WARN_UNINITIALIZED_AUTOS = YES_AGGRESSIVE;
				GCC_WARN_UNUSED_FUNCTION = YES;
				GCC_WARN_UNUSED_VARIABLE = YES;
				IPHONEOS_DEPLOYMENT_TARGET = 13.2;
				MTL_ENABLE_DEBUG_INFO = NO;
				MTL_FAST_MATH = YES;
				SDKROOT = iphoneos;
				SWIFT_COMPILATION_MODE = wholemodule;
				SWIFT_OPTIMIZATION_LEVEL = "-O";
				VALIDATE_PRODUCT = YES;
			};
			name = Release;
		};
		0381490223DE47FE00748464 /* Debug */ = {
			isa = XCBuildConfiguration;
			buildSettings = {
				ASSETCATALOG_COMPILER_APPICON_NAME = AppIcon;
				CODE_SIGN_STYLE = Automatic;
				INFOPLIST_FILE = homework63/Info.plist;
				LD_RUNPATH_SEARCH_PATHS = (
					"$(inherited)",
					"@executable_path/Frameworks",
				);
				PRODUCT_BUNDLE_IDENTIFIER = skillbox.homework63;
				PRODUCT_NAME = "$(TARGET_NAME)";
				SWIFT_VERSION = 5.0;
				TARGETED_DEVICE_FAMILY = "1,2";
			};
			name = Debug;
		};
		0381490323DE47FE00748464 /* Release */ = {
			isa = XCBuildConfiguration;
			buildSettings = {
				ASSETCATALOG_COMPILER_APPICON_NAME = AppIcon;
				CODE_SIGN_STYLE = Automatic;
				INFOPLIST_FILE = homework63/Info.plist;
				LD_RUNPATH_SEARCH_PATHS = (
					"$(inherited)",
					"@executable_path/Frameworks",
				);
				PRODUCT_BUNDLE_IDENTIFIER = skillbox.homework63;
				PRODUCT_NAME = "$(TARGET_NAME)";
				SWIFT_VERSION = 5.0;
				TARGETED_DEVICE_FAMILY = "1,2";
			};
			name = Release;
		};
		0381490523DE47FE00748464 /* Debug */ = {
			isa = XCBuildConfiguration;
			buildSettings = {
				ALWAYS_EMBED_SWIFT_STANDARD_LIBRARIES = YES;
				BUNDLE_LOADER = "$(TEST_HOST)";
				CODE_SIGN_STYLE = Automatic;
				INFOPLIST_FILE = homework63Tests/Info.plist;
				IPHONEOS_DEPLOYMENT_TARGET = 13.2;
				LD_RUNPATH_SEARCH_PATHS = (
					"$(inherited)",
					"@executable_path/Frameworks",
					"@loader_path/Frameworks",
				);
				PRODUCT_BUNDLE_IDENTIFIER = skillbox.homework63Tests;
				PRODUCT_NAME = "$(TARGET_NAME)";
				SWIFT_VERSION = 5.0;
				TARGETED_DEVICE_FAMILY = "1,2";
				TEST_HOST = "$(BUILT_PRODUCTS_DIR)/homework63.app/homework63";
			};
			name = Debug;
		};
		0381490623DE47FE00748464 /* Release */ = {
			isa = XCBuildConfiguration;
			buildSettings = {
				ALWAYS_EMBED_SWIFT_STANDARD_LIBRARIES = YES;
				BUNDLE_LOADER = "$(TEST_HOST)";
				CODE_SIGN_STYLE = Automatic;
				INFOPLIST_FILE = homework63Tests/Info.plist;
				IPHONEOS_DEPLOYMENT_TARGET = 13.2;
				LD_RUNPATH_SEARCH_PATHS = (
					"$(inherited)",
					"@executable_path/Frameworks",
					"@loader_path/Frameworks",
				);
				PRODUCT_BUNDLE_IDENTIFIER = skillbox.homework63Tests;
				PRODUCT_NAME = "$(TARGET_NAME)";
				SWIFT_VERSION = 5.0;
				TARGETED_DEVICE_FAMILY = "1,2";
				TEST_HOST = "$(BUILT_PRODUCTS_DIR)/homework63.app/homework63";
			};
			name = Release;
		};
		0381490823DE47FE00748464 /* Debug */ = {
			isa = XCBuildConfiguration;
			buildSettings = {
				ALWAYS_EMBED_SWIFT_STANDARD_LIBRARIES = YES;
				CODE_SIGN_STYLE = Automatic;
				INFOPLIST_FILE = homework63UITests/Info.plist;
				LD_RUNPATH_SEARCH_PATHS = (
					"$(inherited)",
					"@executable_path/Frameworks",
					"@loader_path/Frameworks",
				);
				PRODUCT_BUNDLE_IDENTIFIER = skillbox.homework63UITests;
				PRODUCT_NAME = "$(TARGET_NAME)";
				SWIFT_VERSION = 5.0;
				TARGETED_DEVICE_FAMILY = "1,2";
				TEST_TARGET_NAME = homework63;
			};
			name = Debug;
		};
		0381490923DE47FE00748464 /* Release */ = {
			isa = XCBuildConfiguration;
			buildSettings = {
				ALWAYS_EMBED_SWIFT_STANDARD_LIBRARIES = YES;
				CODE_SIGN_STYLE = Automatic;
				INFOPLIST_FILE = homework63UITests/Info.plist;
				LD_RUNPATH_SEARCH_PATHS = (
					"$(inherited)",
					"@executable_path/Frameworks",
					"@loader_path/Frameworks",
				);
				PRODUCT_BUNDLE_IDENTIFIER = skillbox.homework63UITests;
				PRODUCT_NAME = "$(TARGET_NAME)";
				SWIFT_VERSION = 5.0;
				TARGETED_DEVICE_FAMILY = "1,2";
				TEST_TARGET_NAME = homework63;
			};
			name = Release;
		};
/* End XCBuildConfiguration section */

/* Begin XCConfigurationList section */
		038148D223DE47FC00748464 /* Build configuration list for PBXProject "homework63" */ = {
			isa = XCConfigurationList;
			buildConfigurations = (
				038148FF23DE47FE00748464 /* Debug */,
				0381490023DE47FE00748464 /* Release */,
			);
			defaultConfigurationIsVisible = 0;
			defaultConfigurationName = Release;
		};
		0381490123DE47FE00748464 /* Build configuration list for PBXNativeTarget "homework63" */ = {
			isa = XCConfigurationList;
			buildConfigurations = (
				0381490223DE47FE00748464 /* Debug */,
				0381490323DE47FE00748464 /* Release */,
			);
			defaultConfigurationIsVisible = 0;
			defaultConfigurationName = Release;
		};
		0381490423DE47FE00748464 /* Build configuration list for PBXNativeTarget "homework63Tests" */ = {
			isa = XCConfigurationList;
			buildConfigurations = (
				0381490523DE47FE00748464 /* Debug */,
				0381490623DE47FE00748464 /* Release */,
			);
			defaultConfigurationIsVisible = 0;
			defaultConfigurationName = Release;
		};
		0381490723DE47FE00748464 /* Build configuration list for PBXNativeTarget "homework63UITests" */ = {
			isa = XCConfigurationList;
			buildConfigurations = (
				0381490823DE47FE00748464 /* Debug */,
				0381490923DE47FE00748464 /* Release */,
			);
			defaultConfigurationIsVisible = 0;
			defaultConfigurationName = Release;
		};
/* End XCConfigurationList section */
	};
	rootObject = 038148CF23DE47FC00748464 /* Project object */;
}
